
Microsoft Visual Studio Solution File, Format Version 12.00
# Visual Studio Version 17
VisualStudioVersion = 17.3.32825.248
MinimumVisualStudioVersion = 10.0.40219.1
Project("{FAE04EC0-301F-11D3-BF4B-00C04F79EFBC}") = "APIProject", "APIProject\APIProject.csproj", "{76A825CC-54D7-4239-8DCB-0F71F6FBBCE6}"
EndProject
Global
	GlobalSection(SolutionConfigurationPlatforms) = preSolution
		Debug|Any CPU = Debug|Any CPU
		Release|Any CPU = Release|Any CPU
	EndGlobalSection
	GlobalSection(ProjectConfigurationPlatforms) = postSolution
		{76A825CC-54D7-4239-8DCB-0F71F6FBBCE6}.Debug|Any CPU.ActiveCfg = Debug|Any CPU
		{76A825CC-54D7-4239-8DCB-0F71F6FBBCE6}.Debug|Any CPU.Build.0 = Debug|Any CPU
		{76A825CC-54D7-4239-8DCB-0F71F6FBBCE6}.Release|Any CPU.ActiveCfg = Release|Any CPU
		{76A825CC-54D7-4239-8DCB-0F71F6FBBCE6}.Release|Any CPU.Build.0 = Release|Any CPU
	EndGlobalSection
	GlobalSection(SolutionProperties) = preSolution
		HideSolutionNode = FALSE
	EndGlobalSection
	GlobalSection(ExtensibilityGlobals) = postSolution
		SolutionGuid = {DE5C74A8-1F7A-4AFB-BA8C-3ABD1A911252}
	EndGlobalSection
EndGlobal
